
Microsoft Visual Studio Solution File, Format Version 12.00
# Visual Studio Version 16
VisualStudioVersion = 16.0.30413.136
MinimumVisualStudioVersion = 10.0.40219.1
Project("{FAE04EC0-301F-11D3-BF4B-00C04F79EFBC}") = "JobHuntTrackerLibrary", "JobHuntTrackerLibrary\JobHuntTrackerLibrary.csproj", "{D1CD99E3-1DBE-4C0E-B7AE-76CD839D0611}"
EndProject
Project("{9A19103F-16F7-4668-BE54-9A1E7A4F7556}") = "JobHuntTrackerConsole", "JobHuntTrackerConsole\JobHuntTrackerConsole.csproj", "{1870F92B-4FB8-445B-9030-BE57070A1027}"
EndProject
Project("{FAE04EC0-301F-11D3-BF4B-00C04F79EFBC}") = "JobHuntTrackerAPI", "JobHuntTrackerAPI\JobHuntTrackerAPI.csproj", "{42AA502D-0E3D-4BA6-B936-5041A71D7B87}"
EndProject
Global
	GlobalSection(SolutionConfigurationPlatforms) = preSolution
		Debug|Any CPU = Debug|Any CPU
		Release|Any CPU = Release|Any CPU
	EndGlobalSection
	GlobalSection(ProjectConfigurationPlatforms) = postSolution
		{D1CD99E3-1DBE-4C0E-B7AE-76CD839D0611}.Debug|Any CPU.ActiveCfg = Debug|Any CPU
		{D1CD99E3-1DBE-4C0E-B7AE-76CD839D0611}.Debug|Any CPU.Build.0 = Debug|Any CPU
		{D1CD99E3-1DBE-4C0E-B7AE-76CD839D0611}.Release|Any CPU.ActiveCfg = Release|Any CPU
		{D1CD99E3-1DBE-4C0E-B7AE-76CD839D0611}.Release|Any CPU.Build.0 = Release|Any CPU
		{1870F92B-4FB8-445B-9030-BE57070A1027}.Debug|Any CPU.ActiveCfg = Debug|Any CPU
		{1870F92B-4FB8-445B-9030-BE57070A1027}.Debug|Any CPU.Build.0 = Debug|Any CPU
		{1870F92B-4FB8-445B-9030-BE57070A1027}.Release|Any CPU.ActiveCfg = Release|Any CPU
		{1870F92B-4FB8-445B-9030-BE57070A1027}.Release|Any CPU.Build.0 = Release|Any CPU
		{42AA502D-0E3D-4BA6-B936-5041A71D7B87}.Debug|Any CPU.ActiveCfg = Debug|Any CPU
		{42AA502D-0E3D-4BA6-B936-5041A71D7B87}.Debug|Any CPU.Build.0 = Debug|Any CPU
		{42AA502D-0E3D-4BA6-B936-5041A71D7B87}.Release|Any CPU.ActiveCfg = Release|Any CPU
		{42AA502D-0E3D-4BA6-B936-5041A71D7B87}.Release|Any CPU.Build.0 = Release|Any CPU
	EndGlobalSection
	GlobalSection(SolutionProperties) = preSolution
		HideSolutionNode = FALSE
	EndGlobalSection
	GlobalSection(ExtensibilityGlobals) = postSolution
		SolutionGuid = {D2EC0109-4B5A-4E00-8A99-6690F10DE8F0}
	EndGlobalSection
EndGlobal
